
Microsoft Visual Studio Solution File, Format Version 12.00
# Visual Studio 15
VisualStudioVersion = 15.0.27004.2008
MinimumVisualStudioVersion = 10.0.40219.1
Project("{2150E333-8FDC-42A3-9474-1A3956D46DE8}") = "ApiService", "ApiService", "{E2750345-5AF0-464C-A9A1-E7772FA0A42C}"
EndProject
Project("{2150E333-8FDC-42A3-9474-1A3956D46DE8}") = "BussinessService", "BussinessService", "{418DEA57-3ADE-4D37-9E00-8D255B16A7B6}"
EndProject
Project("{2150E333-8FDC-42A3-9474-1A3956D46DE8}") = "DataService", "DataService", "{4FFE10FF-AA4A-45E7-8680-B3A7CE41ADA9}"
EndProject
Project("{2150E333-8FDC-42A3-9474-1A3956D46DE8}") = "Core", "Core", "{7D087F24-E8EA-4A90-B60C-DFC2F07D5556}"
EndProject
Project("{2150E333-8FDC-42A3-9474-1A3956D46DE8}") = "Common", "Common", "{F357C0D6-E974-4D98-A893-C7E16208A6A4}"
EndProject
Project("{FAE04EC0-301F-11D3-BF4B-00C04F79EFBC}") = "NCS.PaperGeneration.ApiService", "NCS.PaperGeneration.ApiService\NCS.PaperGeneration.ApiService.csproj", "{1DB52D2C-9C39-4815-AB9C-D7E763668162}"
EndProject
Project("{2150E333-8FDC-42A3-9474-1A3956D46DE8}") = "Entities", "Entities", "{9AF110A4-BA21-4092-B946-5874809CC61B}"
EndProject
Project("{2150E333-8FDC-42A3-9474-1A3956D46DE8}") = "Test", "Test", "{8959B197-B0A4-4F27-87C9-07C6EC0C8904}"
EndProject
Project("{2150E333-8FDC-42A3-9474-1A3956D46DE8}") = "Database", "Database", "{F3F84194-94E4-4C5F-AC00-72B76053041B}"
EndProject
Project("{00D1A9C2-B5F0-4AF3-8072-F6C62B433612}") = "NCS.PaperGeneration.Database", "NCS.PaperGeneration.Database\NCS.PaperGeneration.Database.sqlproj", "{F22202F9-85C0-4D83-BCD3-B2C6B7CA7916}"
EndProject
Project("{FAE04EC0-301F-11D3-BF4B-00C04F79EFBC}") = "NCS.PaperGeneration.Services", "NCS.PaperGeneration.Services\NCS.PaperGeneration.Services.csproj", "{603B2A6A-5F7C-43E4-A098-361A2368D876}"
EndProject
Project("{FAE04EC0-301F-11D3-BF4B-00C04F79EFBC}") = "NCS.PaperGeneration.IServices", "NCS.PaperGeneration.IServices\NCS.PaperGeneration.IServices.csproj", "{2B725609-B7C5-4068-B662-459E87BA1CF9}"
EndProject
Project("{FAE04EC0-301F-11D3-BF4B-00C04F79EFBC}") = "NCS.PaperGeneration.DataServices", "NCS.PaperGeneration.DataServices\NCS.PaperGeneration.DataServices.csproj", "{ED4518AE-00EB-4D6C-A3CD-EB8BD000D560}"
EndProject
Project("{FAE04EC0-301F-11D3-BF4B-00C04F79EFBC}") = "NCS.PaperGeneration.IDataServices", "NCS.PaperGeneration.IDataServices\NCS.PaperGeneration.IDataServices.csproj", "{0C9EF44D-72C2-4BDF-9588-674C2773537A}"
EndProject
Project("{FAE04EC0-301F-11D3-BF4B-00C04F79EFBC}") = "NCS.PaperGeneration.Helpers", "NCS.PaperGeneration.Helpers\NCS.PaperGeneration.Helpers.csproj", "{A81C778F-5972-4A19-8853-E0B70F5B65C5}"
EndProject
Project("{FAE04EC0-301F-11D3-BF4B-00C04F79EFBC}") = "NCS.PaperGeneration.Extensions", "NCS.PaperGeneration.Extensions\NCS.PaperGeneration.Extensions.csproj", "{8DECD745-F10B-4E59-B522-EA0D109F2A34}"
EndProject
Project("{FAE04EC0-301F-11D3-BF4B-00C04F79EFBC}") = "NCS.PaperGeneration.AutoMapper", "NCS.PaperGeneration.AutoMapper\NCS.PaperGeneration.AutoMapper.csproj", "{2EC61388-4BFF-4DE8-ADBD-AE1ABB94DDF5}"
EndProject
Project("{FAE04EC0-301F-11D3-BF4B-00C04F79EFBC}") = "NCS.PaperGeneration.DependencyResolution", "NCS.PaperGeneration.DependencyResolution\NCS.PaperGeneration.DependencyResolution.csproj", "{1C1C9D50-1276-4EF9-ACCD-7B5069B3D2B8}"
EndProject
Project("{FAE04EC0-301F-11D3-BF4B-00C04F79EFBC}") = "NCS.PaperGeneration.Entities", "NCS.PaperGeneration.Entities\NCS.PaperGeneration.Entities.csproj", "{615C0DF5-15A6-46A5-9BE2-714D92733939}"
EndProject
Project("{FAE04EC0-301F-11D3-BF4B-00C04F79EFBC}") = "NCS.PapperGeneration.DataService.Common", "NCS.PapperGeneration.DataService.Common\NCS.PapperGeneration.DataService.Common.csproj", "{99669887-D976-43F9-B759-EE8993C7E3F6}"
EndProject
Project("{FAE04EC0-301F-11D3-BF4B-00C04F79EFBC}") = "NCS.PaperGeneration.BussinessService.Common", "NCS.PaperGeneration.BussinessService.Common\NCS.PaperGeneration.BussinessService.Common.csproj", "{7CC27A8B-1808-4EFD-A7AD-06D54CC12A4E}"
EndProject
Global
	GlobalSection(SolutionConfigurationPlatforms) = preSolution
		Debug|Any CPU = Debug|Any CPU
		Release|Any CPU = Release|Any CPU
	EndGlobalSection
	GlobalSection(ProjectConfigurationPlatforms) = postSolution
		{1DB52D2C-9C39-4815-AB9C-D7E763668162}.Debug|Any CPU.ActiveCfg = Debug|Any CPU
		{1DB52D2C-9C39-4815-AB9C-D7E763668162}.Debug|Any CPU.Build.0 = Debug|Any CPU
		{1DB52D2C-9C39-4815-AB9C-D7E763668162}.Release|Any CPU.ActiveCfg = Release|Any CPU
		{1DB52D2C-9C39-4815-AB9C-D7E763668162}.Release|Any CPU.Build.0 = Release|Any CPU
		{F22202F9-85C0-4D83-BCD3-B2C6B7CA7916}.Debug|Any CPU.ActiveCfg = Debug|Any CPU
		{F22202F9-85C0-4D83-BCD3-B2C6B7CA7916}.Debug|Any CPU.Build.0 = Debug|Any CPU
		{F22202F9-85C0-4D83-BCD3-B2C6B7CA7916}.Debug|Any CPU.Deploy.0 = Debug|Any CPU
		{F22202F9-85C0-4D83-BCD3-B2C6B7CA7916}.Release|Any CPU.ActiveCfg = Release|Any CPU
		{F22202F9-85C0-4D83-BCD3-B2C6B7CA7916}.Release|Any CPU.Build.0 = Release|Any CPU
		{F22202F9-85C0-4D83-BCD3-B2C6B7CA7916}.Release|Any CPU.Deploy.0 = Release|Any CPU
		{603B2A6A-5F7C-43E4-A098-361A2368D876}.Debug|Any CPU.ActiveCfg = Debug|Any CPU
		{603B2A6A-5F7C-43E4-A098-361A2368D876}.Debug|Any CPU.Build.0 = Debug|Any CPU
		{603B2A6A-5F7C-43E4-A098-361A2368D876}.Release|Any CPU.ActiveCfg = Release|Any CPU
		{603B2A6A-5F7C-43E4-A098-361A2368D876}.Release|Any CPU.Build.0 = Release|Any CPU
		{2B725609-B7C5-4068-B662-459E87BA1CF9}.Debug|Any CPU.ActiveCfg = Debug|Any CPU
		{2B725609-B7C5-4068-B662-459E87BA1CF9}.Debug|Any CPU.Build.0 = Debug|Any CPU
		{2B725609-B7C5-4068-B662-459E87BA1CF9}.Release|Any CPU.ActiveCfg = Release|Any CPU
		{2B725609-B7C5-4068-B662-459E87BA1CF9}.Release|Any CPU.Build.0 = Release|Any CPU
		{ED4518AE-00EB-4D6C-A3CD-EB8BD000D560}.Debug|Any CPU.ActiveCfg = Debug|Any CPU
		{ED4518AE-00EB-4D6C-A3CD-EB8BD000D560}.Debug|Any CPU.Build.0 = Debug|Any CPU
		{ED4518AE-00EB-4D6C-A3CD-EB8BD000D560}.Release|Any CPU.ActiveCfg = Release|Any CPU
		{ED4518AE-00EB-4D6C-A3CD-EB8BD000D560}.Release|Any CPU.Build.0 = Release|Any CPU
		{0C9EF44D-72C2-4BDF-9588-674C2773537A}.Debug|Any CPU.ActiveCfg = Debug|Any CPU
		{0C9EF44D-72C2-4BDF-9588-674C2773537A}.Debug|Any CPU.Build.0 = Debug|Any CPU
		{0C9EF44D-72C2-4BDF-9588-674C2773537A}.Release|Any CPU.ActiveCfg = Release|Any CPU
		{0C9EF44D-72C2-4BDF-9588-674C2773537A}.Release|Any CPU.Build.0 = Release|Any CPU
		{A81C778F-5972-4A19-8853-E0B70F5B65C5}.Debug|Any CPU.ActiveCfg = Debug|Any CPU
		{A81C778F-5972-4A19-8853-E0B70F5B65C5}.Debug|Any CPU.Build.0 = Debug|Any CPU
		{A81C778F-5972-4A19-8853-E0B70F5B65C5}.Release|Any CPU.ActiveCfg = Release|Any CPU
		{A81C778F-5972-4A19-8853-E0B70F5B65C5}.Release|Any CPU.Build.0 = Release|Any CPU
		{8DECD745-F10B-4E59-B522-EA0D109F2A34}.Debug|Any CPU.ActiveCfg = Debug|Any CPU
		{8DECD745-F10B-4E59-B522-EA0D109F2A34}.Debug|Any CPU.Build.0 = Debug|Any CPU
		{8DECD745-F10B-4E59-B522-EA0D109F2A34}.Release|Any CPU.ActiveCfg = Release|Any CPU
		{8DECD745-F10B-4E59-B522-EA0D109F2A34}.Release|Any CPU.Build.0 = Release|Any CPU
		{2EC61388-4BFF-4DE8-ADBD-AE1ABB94DDF5}.Debug|Any CPU.ActiveCfg = Debug|Any CPU
		{2EC61388-4BFF-4DE8-ADBD-AE1ABB94DDF5}.Debug|Any CPU.Build.0 = Debug|Any CPU
		{2EC61388-4BFF-4DE8-ADBD-AE1ABB94DDF5}.Release|Any CPU.ActiveCfg = Release|Any CPU
		{2EC61388-4BFF-4DE8-ADBD-AE1ABB94DDF5}.Release|Any CPU.Build.0 = Release|Any CPU
		{1C1C9D50-1276-4EF9-ACCD-7B5069B3D2B8}.Debug|Any CPU.ActiveCfg = Debug|Any CPU
		{1C1C9D50-1276-4EF9-ACCD-7B5069B3D2B8}.Debug|Any CPU.Build.0 = Debug|Any CPU
		{1C1C9D50-1276-4EF9-ACCD-7B5069B3D2B8}.Release|Any CPU.ActiveCfg = Release|Any CPU
		{1C1C9D50-1276-4EF9-ACCD-7B5069B3D2B8}.Release|Any CPU.Build.0 = Release|Any CPU
		{615C0DF5-15A6-46A5-9BE2-714D92733939}.Debug|Any CPU.ActiveCfg = Debug|Any CPU
		{615C0DF5-15A6-46A5-9BE2-714D92733939}.Debug|Any CPU.Build.0 = Debug|Any CPU
		{615C0DF5-15A6-46A5-9BE2-714D92733939}.Release|Any CPU.ActiveCfg = Release|Any CPU
		{615C0DF5-15A6-46A5-9BE2-714D92733939}.Release|Any CPU.Build.0 = Release|Any CPU
		{99669887-D976-43F9-B759-EE8993C7E3F6}.Debug|Any CPU.ActiveCfg = Debug|Any CPU
		{99669887-D976-43F9-B759-EE8993C7E3F6}.Debug|Any CPU.Build.0 = Debug|Any CPU
		{99669887-D976-43F9-B759-EE8993C7E3F6}.Release|Any CPU.ActiveCfg = Release|Any CPU
		{99669887-D976-43F9-B759-EE8993C7E3F6}.Release|Any CPU.Build.0 = Release|Any CPU
		{7CC27A8B-1808-4EFD-A7AD-06D54CC12A4E}.Debug|Any CPU.ActiveCfg = Debug|Any CPU
		{7CC27A8B-1808-4EFD-A7AD-06D54CC12A4E}.Debug|Any CPU.Build.0 = Debug|Any CPU
		{7CC27A8B-1808-4EFD-A7AD-06D54CC12A4E}.Release|Any CPU.ActiveCfg = Release|Any CPU
		{7CC27A8B-1808-4EFD-A7AD-06D54CC12A4E}.Release|Any CPU.Build.0 = Release|Any CPU
	EndGlobalSection
	GlobalSection(SolutionProperties) = preSolution
		HideSolutionNode = FALSE
	EndGlobalSection
	GlobalSection(NestedProjects) = preSolution
		{1DB52D2C-9C39-4815-AB9C-D7E763668162} = {E2750345-5AF0-464C-A9A1-E7772FA0A42C}
		{F22202F9-85C0-4D83-BCD3-B2C6B7CA7916} = {F3F84194-94E4-4C5F-AC00-72B76053041B}
		{603B2A6A-5F7C-43E4-A098-361A2368D876} = {418DEA57-3ADE-4D37-9E00-8D255B16A7B6}
		{2B725609-B7C5-4068-B662-459E87BA1CF9} = {418DEA57-3ADE-4D37-9E00-8D255B16A7B6}
		{ED4518AE-00EB-4D6C-A3CD-EB8BD000D560} = {4FFE10FF-AA4A-45E7-8680-B3A7CE41ADA9}
		{0C9EF44D-72C2-4BDF-9588-674C2773537A} = {4FFE10FF-AA4A-45E7-8680-B3A7CE41ADA9}
		{A81C778F-5972-4A19-8853-E0B70F5B65C5} = {F357C0D6-E974-4D98-A893-C7E16208A6A4}
		{8DECD745-F10B-4E59-B522-EA0D109F2A34} = {F357C0D6-E974-4D98-A893-C7E16208A6A4}
		{2EC61388-4BFF-4DE8-ADBD-AE1ABB94DDF5} = {7D087F24-E8EA-4A90-B60C-DFC2F07D5556}
		{1C1C9D50-1276-4EF9-ACCD-7B5069B3D2B8} = {7D087F24-E8EA-4A90-B60C-DFC2F07D5556}
		{615C0DF5-15A6-46A5-9BE2-714D92733939} = {9AF110A4-BA21-4092-B946-5874809CC61B}
		{99669887-D976-43F9-B759-EE8993C7E3F6} = {4FFE10FF-AA4A-45E7-8680-B3A7CE41ADA9}
		{7CC27A8B-1808-4EFD-A7AD-06D54CC12A4E} = {418DEA57-3ADE-4D37-9E00-8D255B16A7B6}
	EndGlobalSection
	GlobalSection(ExtensibilityGlobals) = postSolution
		SolutionGuid = {1310EDE2-EA50-4E39-B603-DDC948EB1519}
	EndGlobalSection
EndGlobal
